%{"exactor": {:hex, :exactor, "2.0.1", "e69ff823b1069be4b92f0644acc78f4a7b5141b56a4583a630b031238246d5f0", [:mix], [], "hexpm"},
  "exjsx": {:hex, :exjsx, "3.1.0", "d419162cb2d5be80070835c2c2b8c78c8c45907706c991d23f3750dae506d1e9", [:mix], [{:jsx, "~> 2.4.0", [hex: :jsx, repo: "hexpm", optional: false]}], "hexpm"},
  "exvcr": {:hex, :exvcr, "0.4.0", "43932aeb68aa5f27d3fa3c8b3c5f5d05ddd1a7b234f838f764cb7de71f916f5d", [:mix], [{:exactor, "~> 2.0", [hex: :exactor, repo: "hexpm", optional: false]}, {:exjsx, "~> 3.0", [hex: :exjsx, repo: "hexpm", optional: false]}, {:httpoison, "~> 0.5", [hex: :httpoison, repo: "hexpm", optional: false]}, {:httpotion, "~> 1.0", [hex: :httpotion, repo: "hexpm", optional: true]}, {:meck, "~> 0.8.2", [hex: :meck, repo: "hexpm", optional: false]}], "hexpm"},
  "hackney": {:hex, :hackney, "1.0.6", "edfabd6f03d7bb2aa224a438b2bd6295faf6df5fd3aeafad7a78cdae41252cde", [:make, :rebar], [{:idna, "1.0.2", [hex: :idna, repo: "hexpm", optional: false]}, {:ssl_verify_hostname, "1.0.1", [hex: :ssl_verify_hostname, repo: "hexpm", optional: false]}], "hexpm"},
  "httpoison": {:hex, :httpoison, "0.6.2", "a1e95f5b00b0a17b5793a288e121e61399864a8779dbbc3aeda7580e0043d2b0", [:mix], [{:hackney, "~> 1.0", [hex: :hackney, repo: "hexpm", optional: false]}], "hexpm"},
  "idna": {:hex, :idna, "1.0.2", "397e3d001c002319da75759b0a81156bf11849c71d565162436d50020cb7265e", [:make], [], "hexpm"},
  "jsex": {:hex, :jsex, "2.0.0"},
  "jsx": {:hex, :jsx, "2.4.0", "fb83830ac15e981b6ce310b645324ceecd01b1e0847d23921c33df829de5d2db", [:mix], [], "hexpm"},
  "meck": {:hex, :meck, "0.8.2", "f15f7d513e14ec8c8dee9a95d4ae585b3e5a88bf0fa6a7573240d6ddb58a7236", [:make, :rebar], [], "hexpm"},
  "poison": {:hex, :poison, "3.1.0", "d9eb636610e096f86f25d9a46f35a9facac35609a7591b3be3326e99a0484665", [:mix], [], "hexpm"},
  "ssl_verify_hostname": {:hex, :ssl_verify_hostname, "1.0.1", "e6ef428c350d1b7e9c534c0929caae1ecb47c22f88cbbb880e07e46918380cc5", [:make], [], "hexpm"}}
